
Microsoft Visual Studio Solution File, Format Version 12.00
# Visual Studio Version 16
VisualStudioVersion = 16.0.31025.194
MinimumVisualStudioVersion = 10.0.40219.1
Project("{FAE04EC0-301F-11D3-BF4B-00C04F79EFBC}") = "ApiCalculadora", "ApiCalculadora\ApiCalculadora.csproj", "{81D4E7A7-D0E7-4C2E-B4DC-C2CC32AF70C0}"
EndProject
Global
	GlobalSection(SolutionConfigurationPlatforms) = preSolution
		Debug|Any CPU = Debug|Any CPU
		Release|Any CPU = Release|Any CPU
	EndGlobalSection
	GlobalSection(ProjectConfigurationPlatforms) = postSolution
		{81D4E7A7-D0E7-4C2E-B4DC-C2CC32AF70C0}.Debug|Any CPU.ActiveCfg = Debug|Any CPU
		{81D4E7A7-D0E7-4C2E-B4DC-C2CC32AF70C0}.Debug|Any CPU.Build.0 = Debug|Any CPU
		{81D4E7A7-D0E7-4C2E-B4DC-C2CC32AF70C0}.Release|Any CPU.ActiveCfg = Release|Any CPU
		{81D4E7A7-D0E7-4C2E-B4DC-C2CC32AF70C0}.Release|Any CPU.Build.0 = Release|Any CPU
	EndGlobalSection
	GlobalSection(SolutionProperties) = preSolution
		HideSolutionNode = FALSE
	EndGlobalSection
	GlobalSection(ExtensibilityGlobals) = postSolution
		SolutionGuid = {848BAD37-1311-46E1-9458-9048C0A20E0F}
	EndGlobalSection
EndGlobal
